// !$*UTF8*$!
{
	archiveVersion = 1;
	classes = {
	};
	objectVersion = 56;
	objects = {

/* Begin PBXBuildFile section */
		236D93DB29B9185F00CDEECB /* AppDelegate.swift in Sources */ = {isa = PBXBuildFile; fileRef = 236D93DA29B9185F00CDEECB /* AppDelegate.swift */; };
		236D93DD29B9185F00CDEECB /* SceneDelegate.swift in Sources */ = {isa = PBXBuildFile; fileRef = 236D93DC29B9185F00CDEECB /* SceneDelegate.swift */; };
		236D93DF29B9185F00CDEECB /* ViewController.swift in Sources */ = {isa = PBXBuildFile; fileRef = 236D93DE29B9185F00CDEECB /* ViewController.swift */; };
		236D93E229B9185F00CDEECB /* Main.storyboard in Resources */ = {isa = PBXBuildFile; fileRef = 236D93E029B9185F00CDEECB /* Main.storyboard */; };
		236D93E529B9185F00CDEECB /* FoodLinks_DevinG.xcdatamodeld in Sources */ = {isa = PBXBuildFile; fileRef = 236D93E329B9185F00CDEECB /* FoodLinks_DevinG.xcdatamodeld */; };
		236D93E729B9186100CDEECB /* Assets.xcassets in Resources */ = {isa = PBXBuildFile; fileRef = 236D93E629B9186100CDEECB /* Assets.xcassets */; };
		236D93EA29B9186100CDEECB /* LaunchScreen.storyboard in Resources */ = {isa = PBXBuildFile; fileRef = 236D93E829B9186100CDEECB /* LaunchScreen.storyboard */; };
		236D93F529B9186100CDEECB /* FoodLinks_DevinGTests.swift in Sources */ = {isa = PBXBuildFile; fileRef = 236D93F429B9186100CDEECB /* FoodLinks_DevinGTests.swift */; };
		236D93FF29B9186100CDEECB /* FoodLinks_DevinGUITests.swift in Sources */ = {isa = PBXBuildFile; fileRef = 236D93FE29B9186100CDEECB /* FoodLinks_DevinGUITests.swift */; };
		236D940129B9186100CDEECB /* FoodLinks_DevinGUITestsLaunchTests.swift in Sources */ = {isa = PBXBuildFile; fileRef = 236D940029B9186100CDEECB /* FoodLinks_DevinGUITestsLaunchTests.swift */; };
/* End PBXBuildFile section */

/* Begin PBXContainerItemProxy section */
		236D93F129B9186100CDEECB /* PBXContainerItemProxy */ = {
			isa = PBXContainerItemProxy;
			containerPortal = 236D93CF29B9185F00CDEECB /* Project object */;
			proxyType = 1;
			remoteGlobalIDString = 236D93D629B9185F00CDEECB;
			remoteInfo = FoodLinks_DevinG;
		};
		236D93FB29B9186100CDEECB /* PBXContainerItemProxy */ = {
			isa = PBXContainerItemProxy;
			containerPortal = 236D93CF29B9185F00CDEECB /* Project object */;
			proxyType = 1;
			remoteGlobalIDString = 236D93D629B9185F00CDEECB;
			remoteInfo = FoodLinks_DevinG;
		};
/* End PBXContainerItemProxy section */

/* Begin PBXFileReference section */
		236D93D729B9185F00CDEECB /* FoodLinks_DevinG.app */ = {isa = PBXFileReference; explicitFileType = wrapper.application; includeInIndex = 0; path = FoodLinks_DevinG.app; sourceTree = BUILT_PRODUCTS_DIR; };
		236D93DA29B9185F00CDEECB /* AppDelegate.swift */ = {isa = PBXFileReference; lastKnownFileType = sourcecode.swift; path = AppDelegate.swift; sourceTree = "<group>"; };
		236D93DC29B9185F00CDEECB /* SceneDelegate.swift */ = {isa = PBXFileReference; lastKnownFileType = sourcecode.swift; path = SceneDelegate.swift; sourceTree = "<group>"; };
		236D93DE29B9185F00CDEECB /* ViewController.swift */ = {isa = PBXFileReference; lastKnownFileType = sourcecode.swift; path = ViewController.swift; sourceTree = "<group>"; };
		236D93E129B9185F00CDEECB /* Base */ = {isa = PBXFileReference; lastKnownFileType = file.storyboard; name = Base; path = Base.lproj/Main.storyboard; sourceTree = "<group>"; };
		236D93E429B9185F00CDEECB /* FoodLinks_DevinG.xcdatamodel */ = {isa = PBXFileReference; lastKnownFileType = wrapper.xcdatamodel; path = FoodLinks_DevinG.xcdatamodel; sourceTree = "<group>"; };
		236D93E629B9186100CDEECB /* Assets.xcassets */ = {isa = PBXFileReference; lastKnownFileType = folder.assetcatalog; path = Assets.xcassets; sourceTree = "<group>"; };
		236D93E929B9186100CDEECB /* Base */ = {isa = PBXFileReference; lastKnownFileType = file.storyboard; name = Base; path = Base.lproj/LaunchScreen.storyboard; sourceTree = "<group>"; };
		236D93EB29B9186100CDEECB /* Info.plist */ = {isa = PBXFileReference; lastKnownFileType = text.plist.xml; path = Info.plist; sourceTree = "<group>"; };
		236D93F029B9186100CDEECB /* FoodLinks_DevinGTests.xctest */ = {isa = PBXFileReference; explicitFileType = wrapper.cfbundle; includeInIndex = 0; path = FoodLinks_DevinGTests.xctest; sourceTree = BUILT_PRODUCTS_DIR; };
		236D93F429B9186100CDEECB /* FoodLinks_DevinGTests.swift */ = {isa = PBXFileReference; lastKnownFileType = sourcecode.swift; path = FoodLinks_DevinGTests.swift; sourceTree = "<group>"; };
		236D93FA29B9186100CDEECB /* FoodLinks_DevinGUITests.xctest */ = {isa = PBXFileReference; explicitFileType = wrapper.cfbundle; includeInIndex = 0; path = FoodLinks_DevinGUITests.xctest; sourceTree = BUILT_PRODUCTS_DIR; };
		236D93FE29B9186100CDEECB /* FoodLinks_DevinGUITests.swift */ = {isa = PBXFileReference; lastKnownFileType = sourcecode.swift; path = FoodLinks_DevinGUITests.swift; sourceTree = "<group>"; };
		236D940029B9186100CDEECB /* FoodLinks_DevinGUITestsLaunchTests.swift */ = {isa = PBXFileReference; lastKnownFileType = sourcecode.swift; path = FoodLinks_DevinGUITestsLaunchTests.swift; sourceTree = "<group>"; };
/* End PBXFileReference section */

/* Begin PBXFrameworksBuildPhase section */
		236D93D429B9185F00CDEECB /* Frameworks */ = {
			isa = PBXFrameworksBuildPhase;
			buildActionMask = 2147483647;
			files = (
			);
			runOnlyForDeploymentPostprocessing = 0;
		};
		236D93ED29B9186100CDEECB /* Frameworks */ = {
			isa = PBXFrameworksBuildPhase;
			buildActionMask = 2147483647;
			files = (
			);
			runOnlyForDeploymentPostprocessing = 0;
		};
		236D93F729B9186100CDEECB /* Frameworks */ = {
			isa = PBXFrameworksBuildPhase;
			buildActionMask = 2147483647;
			files = (
			);
			runOnlyForDeploymentPostprocessing = 0;
		};
/* End PBXFrameworksBuildPhase section */

/* Begin PBXGroup section */
		236D93CE29B9185F00CDEECB = {
			isa = PBXGroup;
			children = (
				236D93D929B9185F00CDEECB /* FoodLinks_DevinG */,
				236D93F329B9186100CDEECB /* FoodLinks_DevinGTests */,
				236D93FD29B9186100CDEECB /* FoodLinks_DevinGUITests */,
				236D93D829B9185F00CDEECB /* Products */,
			);
			sourceTree = "<group>";
		};
		236D93D829B9185F00CDEECB /* Products */ = {
			isa = PBXGroup;
			children = (
				236D93D729B9185F00CDEECB /* FoodLinks_DevinG.app */,
				236D93F029B9186100CDEECB /* FoodLinks_DevinGTests.xctest */,
				236D93FA29B9186100CDEECB /* FoodLinks_DevinGUITests.xctest */,
			);
			name = Products;
			sourceTree = "<group>";
		};
		236D93D929B9185F00CDEECB /* FoodLinks_DevinG */ = {
			isa = PBXGroup;
			children = (
				236D93DA29B9185F00CDEECB /* AppDelegate.swift */,
				236D93DC29B9185F00CDEECB /* SceneDelegate.swift */,
				236D93DE29B9185F00CDEECB /* ViewController.swift */,
				236D93E029B9185F00CDEECB /* Main.storyboard */,
				236D93E629B9186100CDEECB /* Assets.xcassets */,
				236D93E829B9186100CDEECB /* LaunchScreen.storyboard */,
				236D93EB29B9186100CDEECB /* Info.plist */,
				236D93E329B9185F00CDEECB /* FoodLinks_DevinG.xcdatamodeld */,
			);
			path = FoodLinks_DevinG;
			sourceTree = "<group>";
		};
		236D93F329B9186100CDEECB /* FoodLinks_DevinGTests */ = {
			isa = PBXGroup;
			children = (
				236D93F429B9186100CDEECB /* FoodLinks_DevinGTests.swift */,
			);
			path = FoodLinks_DevinGTests;
			sourceTree = "<group>";
		};
		236D93FD29B9186100CDEECB /* FoodLinks_DevinGUITests */ = {
			isa = PBXGroup;
			children = (
				236D93FE29B9186100CDEECB /* FoodLinks_DevinGUITests.swift */,
				236D940029B9186100CDEECB /* FoodLinks_DevinGUITestsLaunchTests.swift */,
			);
			path = FoodLinks_DevinGUITests;
			sourceTree = "<group>";
		};
/* End PBXGroup section */

/* Begin PBXNativeTarget section */
		236D93D629B9185F00CDEECB /* FoodLinks_DevinG */ = {
			isa = PBXNativeTarget;
			buildConfigurationList = 236D940429B9186100CDEECB /* Build configuration list for PBXNativeTarget "FoodLinks_DevinG" */;
			buildPhases = (
				236D93D329B9185F00CDEECB /* Sources */,
				236D93D429B9185F00CDEECB /* Frameworks */,
				236D93D529B9185F00CDEECB /* Resources */,
			);
			buildRules = (
			);
			dependencies = (
			);
			name = FoodLinks_DevinG;
			productName = FoodLinks_DevinG;
			productReference = 236D93D729B9185F00CDEECB /* FoodLinks_DevinG.app */;
			productType = "com.apple.product-type.application";
		};
		236D93EF29B9186100CDEECB /* FoodLinks_DevinGTests */ = {
			isa = PBXNativeTarget;
			buildConfigurationList = 236D940729B9186100CDEECB /* Build configuration list for PBXNativeTarget "FoodLinks_DevinGTests" */;
			buildPhases = (
				236D93EC29B9186100CDEECB /* Sources */,
				236D93ED29B9186100CDEECB /* Frameworks */,
				236D93EE29B9186100CDEECB /* Resources */,
			);
			buildRules = (
			);
			dependencies = (
				236D93F229B9186100CDEECB /* PBXTargetDependency */,
			);
			name = FoodLinks_DevinGTests;
			productName = FoodLinks_DevinGTests;
			productReference = 236D93F029B9186100CDEECB /* FoodLinks_DevinGTests.xctest */;
			productType = "com.apple.product-type.bundle.unit-test";
		};
		236D93F929B9186100CDEECB /* FoodLinks_DevinGUITests */ = {
			isa = PBXNativeTarget;
			buildConfigurationList = 236D940A29B9186100CDEECB /* Build configuration list for PBXNativeTarget "FoodLinks_DevinGUITests" */;
			buildPhases = (
				236D93F629B9186100CDEECB /* Sources */,
				236D93F729B9186100CDEECB /* Frameworks */,
				236D93F829B9186100CDEECB /* Resources */,
			);
			buildRules = (
			);
			dependencies = (
				236D93FC29B9186100CDEECB /* PBXTargetDependency */,
			);
			name = FoodLinks_DevinGUITests;
			productName = FoodLinks_DevinGUITests;
			productReference = 236D93FA29B9186100CDEECB /* FoodLinks_DevinGUITests.xctest */;
			productType = "com.apple.product-type.bundle.ui-testing";
		};
/* End PBXNativeTarget section */

/* Begin PBXProject section */
		236D93CF29B9185F00CDEECB /* Project object */ = {
			isa = PBXProject;
			attributes = {
				BuildIndependentTargetsInParallel = 1;
				LastSwiftUpdateCheck = 1420;
				LastUpgradeCheck = 1420;
				TargetAttributes = {
					236D93D629B9185F00CDEECB = {
						CreatedOnToolsVersion = 14.2;
					};
					236D93EF29B9186100CDEECB = {
						CreatedOnToolsVersion = 14.2;
						TestTargetID = 236D93D629B9185F00CDEECB;
					};
					236D93F929B9186100CDEECB = {
						CreatedOnToolsVersion = 14.2;
						TestTargetID = 236D93D629B9185F00CDEECB;
					};
				};
			};
			buildConfigurationList = 236D93D229B9185F00CDEECB /* Build configuration list for PBXProject "FoodLinks_DevinG" */;
			compatibilityVersion = "Xcode 14.0";
			developmentRegion = en;
			hasScannedForEncodings = 0;
			knownRegions = (
				en,
				Base,
			);
			mainGroup = 236D93CE29B9185F00CDEECB;
			productRefGroup = 236D93D829B9185F00CDEECB /* Products */;
			projectDirPath = "";
			projectRoot = "";
			targets = (
				236D93D629B9185F00CDEECB /* FoodLinks_DevinG */,
				236D93EF29B9186100CDEECB /* FoodLinks_DevinGTests */,
				236D93F929B9186100CDEECB /* FoodLinks_DevinGUITests */,
			);
		};
/* End PBXProject section */

/* Begin PBXResourcesBuildPhase section */
		236D93D529B9185F00CDEECB /* Resources */ = {
			isa = PBXResourcesBuildPhase;
			buildActionMask = 2147483647;
			files = (
				236D93EA29B9186100CDEECB /* LaunchScreen.storyboard in Resources */,
				236D93E729B9186100CDEECB /* Assets.xcassets in Resources */,
				236D93E229B9185F00CDEECB /* Main.storyboard in Resources */,
			);
			runOnlyForDeploymentPostprocessing = 0;
		};
		236D93EE29B9186100CDEECB /* Resources */ = {
			isa = PBXResourcesBuildPhase;
			buildActionMask = 2147483647;
			files = (
			);
			runOnlyForDeploymentPostprocessing = 0;
		};
		236D93F829B9186100CDEECB /* Resources */ = {
			isa = PBXResourcesBuildPhase;
			buildActionMask = 2147483647;
			files = (
			);
			runOnlyForDeploymentPostprocessing = 0;
		};
/* End PBXResourcesBuildPhase section */

/* Begin PBXSourcesBuildPhase section */
		236D93D329B9185F00CDEECB /* Sources */ = {
			isa = PBXSourcesBuildPhase;
			buildActionMask = 2147483647;
			files = (
				236D93DF29B9185F00CDEECB /* ViewController.swift in Sources */,
				236D93DB29B9185F00CDEECB /* AppDelegate.swift in Sources */,
				236D93E529B9185F00CDEECB /* FoodLinks_DevinG.xcdatamodeld in Sources */,
				236D93DD29B9185F00CDEECB /* SceneDelegate.swift in Sources */,
			);
			runOnlyForDeploymentPostprocessing = 0;
		};
		236D93EC29B9186100CDEECB /* Sources */ = {
			isa = PBXSourcesBuildPhase;
			buildActionMask = 2147483647;
			files = (
				236D93F529B9186100CDEECB /* FoodLinks_DevinGTests.swift in Sources */,
			);
			runOnlyForDeploymentPostprocessing = 0;
		};
		236D93F629B9186100CDEECB /* Sources */ = {
			isa = PBXSourcesBuildPhase;
			buildActionMask = 2147483647;
			files = (
				236D93FF29B9186100CDEECB /* FoodLinks_DevinGUITests.swift in Sources */,
				236D940129B9186100CDEECB /* FoodLinks_DevinGUITestsLaunchTests.swift in Sources */,
			);
			runOnlyForDeploymentPostprocessing = 0;
		};
/* End PBXSourcesBuildPhase section */

/* Begin PBXTargetDependency section */
		236D93F229B9186100CDEECB /* PBXTargetDependency */ = {
			isa = PBXTargetDependency;
			target = 236D93D629B9185F00CDEECB /* FoodLinks_DevinG */;
			targetProxy = 236D93F129B9186100CDEECB /* PBXContainerItemProxy */;
		};
		236D93FC29B9186100CDEECB /* PBXTargetDependency */ = {
			isa = PBXTargetDependency;
			target = 236D93D629B9185F00CDEECB /* FoodLinks_DevinG */;
			targetProxy = 236D93FB29B9186100CDEECB /* PBXContainerItemProxy */;
		};
/* End PBXTargetDependency section */

/* Begin PBXVariantGroup section */
		236D93E029B9185F00CDEECB /* Main.storyboard */ = {
			isa = PBXVariantGroup;
			children = (
				236D93E129B9185F00CDEECB /* Base */,
			);
			name = Main.storyboard;
			sourceTree = "<group>";
		};
		236D93E829B9186100CDEECB /* LaunchScreen.storyboard */ = {
			isa = PBXVariantGroup;
			children = (
				236D93E929B9186100CDEECB /* Base */,
			);
			name = LaunchScreen.storyboard;
			sourceTree = "<group>";
		};
/* End PBXVariantGroup section */

/* Begin XCBuildConfiguration section */
		236D940229B9186100CDEECB /* Debug */ = {
			isa = XCBuildConfiguration;
			buildSettings = {
				ALWAYS_SEARCH_USER_PATHS = NO;
				CLANG_ANALYZER_NONNULL = YES;
				CLANG_ANALYZER_NUMBER_OBJECT_CONVERSION = YES_AGGRESSIVE;
				CLANG_CXX_LANGUAGE_STANDARD = "gnu++20";
				CLANG_ENABLE_MODULES = YES;
				CLANG_ENABLE_OBJC_ARC = YES;
				CLANG_ENABLE_OBJC_WEAK = YES;
				CLANG_WARN_BLOCK_CAPTURE_AUTORELEASING = YES;
				CLANG_WARN_BOOL_CONVERSION = YES;
				CLANG_WARN_COMMA = YES;
				CLANG_WARN_CONSTANT_CONVERSION = YES;
				CLANG_WARN_DEPRECATED_OBJC_IMPLEMENTATIONS = YES;
				CLANG_WARN_DIRECT_OBJC_ISA_USAGE = YES_ERROR;
				CLANG_WARN_DOCUMENTATION_COMMENTS = YES;
				CLANG_WARN_EMPTY_BODY = YES;
				CLANG_WARN_ENUM_CONVERSION = YES;
				CLANG_WARN_INFINITE_RECURSION = YES;
				CLANG_WARN_INT_CONVERSION = YES;
				CLANG_WARN_NON_LITERAL_NULL_CONVERSION = YES;
				CLANG_WARN_OBJC_IMPLICIT_RETAIN_SELF = YES;
				CLANG_WARN_OBJC_LITERAL_CONVERSION = YES;
				CLANG_WARN_OBJC_ROOT_CLASS = YES_ERROR;
				CLANG_WARN_QUOTED_INCLUDE_IN_FRAMEWORK_HEADER = YES;
				CLANG_WARN_RANGE_LOOP_ANALYSIS = YES;
				CLANG_WARN_STRICT_PROTOTYPES = YES;
				CLANG_WARN_SUSPICIOUS_MOVE = YES;
				CLANG_WARN_UNGUARDED_AVAILABILITY = YES_AGGRESSIVE;
				CLANG_WARN_UNREACHABLE_CODE = YES;
				CLANG_WARN__DUPLICATE_METHOD_MATCH = YES;
				COPY_PHASE_STRIP = NO;
				DEBUG_INFORMATION_FORMAT = dwarf;
				ENABLE_STRICT_OBJC_MSGSEND = YES;
				ENABLE_TESTABILITY = YES;
				GCC_C_LANGUAGE_STANDARD = gnu11;
				GCC_DYNAMIC_NO_PIC = NO;
				GCC_NO_COMMON_BLOCKS = YES;
				GCC_OPTIMIZATION_LEVEL = 0;
				GCC_PREPROCESSOR_DEFINITIONS = (
					"DEBUG=1",
					"$(inherited)",
				);
				GCC_WARN_64_TO_32_BIT_CONVERSION = YES;
				GCC_WARN_ABOUT_RETURN_TYPE = YES_ERROR;
				GCC_WARN_UNDECLARED_SELECTOR = YES;
				GCC_WARN_UNINITIALIZED_AUTOS = YES_AGGRESSIVE;
				GCC_WARN_UNUSED_FUNCTION = YES;
				GCC_WARN_UNUSED_VARIABLE = YES;
				IPHONEOS_DEPLOYMENT_TARGET = 16.2;
				MTL_ENABLE_DEBUG_INFO = INCLUDE_SOURCE;
				MTL_FAST_MATH = YES;
				ONLY_ACTIVE_ARCH = YES;
				SDKROOT = iphoneos;
				SWIFT_ACTIVE_COMPILATION_CONDITIONS = DEBUG;
				SWIFT_OPTIMIZATION_LEVEL = "-Onone";
			};
			name = Debug;
		};
		236D940329B9186100CDEECB /* Release */ = {
			isa = XCBuildConfiguration;
			buildSettings = {
				ALWAYS_SEARCH_USER_PATHS = NO;
				CLANG_ANALYZER_NONNULL = YES;
				CLANG_ANALYZER_NUMBER_OBJECT_CONVERSION = YES_AGGRESSIVE;
				CLANG_CXX_LANGUAGE_STANDARD = "gnu++20";
				CLANG_ENABLE_MODULES = YES;
				CLANG_ENABLE_OBJC_ARC = YES;
				CLANG_ENABLE_OBJC_WEAK = YES;
				CLANG_WARN_BLOCK_CAPTURE_AUTORELEASING = YES;
				CLANG_WARN_BOOL_CONVERSION = YES;
				CLANG_WARN_COMMA = YES;
				CLANG_WARN_CONSTANT_CONVERSION = YES;
				CLANG_WARN_DEPRECATED_OBJC_IMPLEMENTATIONS = YES;
				CLANG_WARN_DIRECT_OBJC_ISA_USAGE = YES_ERROR;
				CLANG_WARN_DOCUMENTATION_COMMENTS = YES;
				CLANG_WARN_EMPTY_BODY = YES;
				CLANG_WARN_ENUM_CONVERSION = YES;
				CLANG_WARN_INFINITE_RECURSION = YES;
				CLANG_WARN_INT_CONVERSION = YES;
				CLANG_WARN_NON_LITERAL_NULL_CONVERSION = YES;
				CLANG_WARN_OBJC_IMPLICIT_RETAIN_SELF = YES;
				CLANG_WARN_OBJC_LITERAL_CONVERSION = YES;
				CLANG_WARN_OBJC_ROOT_CLASS = YES_ERROR;
				CLANG_WARN_QUOTED_INCLUDE_IN_FRAMEWORK_HEADER = YES;
				CLANG_WARN_RANGE_LOOP_ANALYSIS = YES;
				CLANG_WARN_STRICT_PROTOTYPES = YES;
				CLANG_WARN_SUSPICIOUS_MOVE = YES;
				CLANG_WARN_UNGUARDED_AVAILABILITY = YES_AGGRESSIVE;
				CLANG_WARN_UNREACHABLE_CODE = YES;
				CLANG_WARN__DUPLICATE_METHOD_MATCH = YES;
				COPY_PHASE_STRIP = NO;
				DEBUG_INFORMATION_FORMAT = "dwarf-with-dsym";
				ENABLE_NS_ASSERTIONS = NO;
				ENABLE_STRICT_OBJC_MSGSEND = YES;
				GCC_C_LANGUAGE_STANDARD = gnu11;
				GCC_NO_COMMON_BLOCKS = YES;
				GCC_WARN_64_TO_32_BIT_CONVERSION = YES;
				GCC_WARN_ABOUT_RETURN_TYPE = YES_ERROR;
				GCC_WARN_UNDECLARED_SELECTOR = YES;
				GCC_WARN_UNINITIALIZED_AUTOS = YES_AGGRESSIVE;
				GCC_WARN_UNUSED_FUNCTION = YES;
				GCC_WARN_UNUSED_VARIABLE = YES;
				IPHONEOS_DEPLOYMENT_TARGET = 16.2;
				MTL_ENABLE_DEBUG_INFO = NO;
				MTL_FAST_MATH = YES;
				SDKROOT = iphoneos;
				SWIFT_COMPILATION_MODE = wholemodule;
				SWIFT_OPTIMIZATION_LEVEL = "-O";
				VALIDATE_PRODUCT = YES;
			};
			name = Release;
		};
		236D940529B9186100CDEECB /* Debug */ = {
			isa = XCBuildConfiguration;
			buildSettings = {
				ASSETCATALOG_COMPILER_APPICON_NAME = AppIcon;
				ASSETCATALOG_COMPILER_GLOBAL_ACCENT_COLOR_NAME = AccentColor;
				CODE_SIGN_STYLE = Automatic;
				CURRENT_PROJECT_VERSION = 1;
				GENERATE_INFOPLIST_FILE = YES;
				INFOPLIST_FILE = FoodLinks_DevinG/Info.plist;
				INFOPLIST_KEY_UIApplicationSupportsIndirectInputEvents = YES;
				INFOPLIST_KEY_UILaunchStoryboardName = LaunchScreen;
				INFOPLIST_KEY_UIMainStoryboardFile = Main;
				INFOPLIST_KEY_UISupportedInterfaceOrientations_iPad = "UIInterfaceOrientationPortrait UIInterfaceOrientationPortraitUpsideDown UIInterfaceOrientationLandscapeLeft UIInterfaceOrientationLandscapeRight";
				INFOPLIST_KEY_UISupportedInterfaceOrientations_iPhone = "UIInterfaceOrientationPortrait UIInterfaceOrientationLandscapeLeft UIInterfaceOrientationLandscapeRight";
				LD_RUNPATH_SEARCH_PATHS = (
					"$(inherited)",
					"@executable_path/Frameworks",
				);
				MARKETING_VERSION = 1.0;
				PRODUCT_BUNDLE_IDENTIFIER = "d.FoodLinks-DevinG";
				PRODUCT_NAME = "$(TARGET_NAME)";
				SWIFT_EMIT_LOC_STRINGS = YES;
				SWIFT_VERSION = 5.0;
				TARGETED_DEVICE_FAMILY = "1,2";
			};
			name = Debug;
		};
		236D940629B9186100CDEECB /* Release */ = {
			isa = XCBuildConfiguration;
			buildSettings = {
				ASSETCATALOG_COMPILER_APPICON_NAME = AppIcon;
				ASSETCATALOG_COMPILER_GLOBAL_ACCENT_COLOR_NAME = AccentColor;
				CODE_SIGN_STYLE = Automatic;
				CURRENT_PROJECT_VERSION = 1;
				GENERATE_INFOPLIST_FILE = YES;
				INFOPLIST_FILE = FoodLinks_DevinG/Info.plist;
				INFOPLIST_KEY_UIApplicationSupportsIndirectInputEvents = YES;
				INFOPLIST_KEY_UILaunchStoryboardName = LaunchScreen;
				INFOPLIST_KEY_UIMainStoryboardFile = Main;
				INFOPLIST_KEY_UISupportedInterfaceOrientations_iPad = "UIInterfaceOrientationPortrait UIInterfaceOrientationPortraitUpsideDown UIInterfaceOrientationLandscapeLeft UIInterfaceOrientationLandscapeRight";
				INFOPLIST_KEY_UISupportedInterfaceOrientations_iPhone = "UIInterfaceOrientationPortrait UIInterfaceOrientationLandscapeLeft UIInterfaceOrientationLandscapeRight";
				LD_RUNPATH_SEARCH_PATHS = (
					"$(inherited)",
					"@executable_path/Frameworks",
				);
				MARKETING_VERSION = 1.0;
				PRODUCT_BUNDLE_IDENTIFIER = "d.FoodLinks-DevinG";
				PRODUCT_NAME = "$(TARGET_NAME)";
				SWIFT_EMIT_LOC_STRINGS = YES;
				SWIFT_VERSION = 5.0;
				TARGETED_DEVICE_FAMILY = "1,2";
			};
			name = Release;
		};
		236D940829B9186100CDEECB /* Debug */ = {
			isa = XCBuildConfiguration;
			buildSettings = {
				ALWAYS_EMBED_SWIFT_STANDARD_LIBRARIES = YES;
				BUNDLE_LOADER = "$(TEST_HOST)";
				CODE_SIGN_STYLE = Automatic;
				CURRENT_PROJECT_VERSION = 1;
				GENERATE_INFOPLIST_FILE = YES;
				IPHONEOS_DEPLOYMENT_TARGET = 16.2;
				MARKETING_VERSION = 1.0;
				PRODUCT_BUNDLE_IDENTIFIER = "d.FoodLinks-DevinGTests";
				PRODUCT_NAME = "$(TARGET_NAME)";
				SWIFT_EMIT_LOC_STRINGS = NO;
				SWIFT_VERSION = 5.0;
				TARGETED_DEVICE_FAMILY = "1,2";
				TEST_HOST = "$(BUILT_PRODUCTS_DIR)/FoodLinks_DevinG.app/$(BUNDLE_EXECUTABLE_FOLDER_PATH)/FoodLinks_DevinG";
			};
			name = Debug;
		};
		236D940929B9186100CDEECB /* Release */ = {
			isa = XCBuildConfiguration;
			buildSettings = {
				ALWAYS_EMBED_SWIFT_STANDARD_LIBRARIES = YES;
				BUNDLE_LOADER = "$(TEST_HOST)";
				CODE_SIGN_STYLE = Automatic;
				CURRENT_PROJECT_VERSION = 1;
				GENERATE_INFOPLIST_FILE = YES;
				IPHONEOS_DEPLOYMENT_TARGET = 16.2;
				MARKETING_VERSION = 1.0;
				PRODUCT_BUNDLE_IDENTIFIER = "d.FoodLinks-DevinGTests";
				PRODUCT_NAME = "$(TARGET_NAME)";
				SWIFT_EMIT_LOC_STRINGS = NO;
				SWIFT_VERSION = 5.0;
				TARGETED_DEVICE_FAMILY = "1,2";
				TEST_HOST = "$(BUILT_PRODUCTS_DIR)/FoodLinks_DevinG.app/$(BUNDLE_EXECUTABLE_FOLDER_PATH)/FoodLinks_DevinG";
			};
			name = Release;
		};
		236D940B29B9186100CDEECB /* Debug */ = {
			isa = XCBuildConfiguration;
			buildSettings = {
				ALWAYS_EMBED_SWIFT_STANDARD_LIBRARIES = YES;
				CODE_SIGN_STYLE = Automatic;
				CURRENT_PROJECT_VERSION = 1;
				GENERATE_INFOPLIST_FILE = YES;
				MARKETING_VERSION = 1.0;
				PRODUCT_BUNDLE_IDENTIFIER = "d.FoodLinks-DevinGUITests";
				PRODUCT_NAME = "$(TARGET_NAME)";
				SWIFT_EMIT_LOC_STRINGS = NO;
				SWIFT_VERSION = 5.0;
				TARGETED_DEVICE_FAMILY = "1,2";
				TEST_TARGET_NAME = FoodLinks_DevinG;
			};
			name = Debug;
		};
		236D940C29B9186100CDEECB /* Release */ = {
			isa = XCBuildConfiguration;
			buildSettings = {
				ALWAYS_EMBED_SWIFT_STANDARD_LIBRARIES = YES;
				CODE_SIGN_STYLE = Automatic;
				CURRENT_PROJECT_VERSION = 1;
				GENERATE_INFOPLIST_FILE = YES;
				MARKETING_VERSION = 1.0;
				PRODUCT_BUNDLE_IDENTIFIER = "d.FoodLinks-DevinGUITests";
				PRODUCT_NAME = "$(TARGET_NAME)";
				SWIFT_EMIT_LOC_STRINGS = NO;
				SWIFT_VERSION = 5.0;
				TARGETED_DEVICE_FAMILY = "1,2";
				TEST_TARGET_NAME = FoodLinks_DevinG;
			};
			name = Release;
		};
/* End XCBuildConfiguration section */

/* Begin XCConfigurationList section */
		236D93D229B9185F00CDEECB /* Build configuration list for PBXProject "FoodLinks_DevinG" */ = {
			isa = XCConfigurationList;
			buildConfigurations = (
				236D940229B9186100CDEECB /* Debug */,
				236D940329B9186100CDEECB /* Release */,
			);
			defaultConfigurationIsVisible = 0;
			defaultConfigurationName = Release;
		};
		236D940429B9186100CDEECB /* Build configuration list for PBXNativeTarget "FoodLinks_DevinG" */ = {
			isa = XCConfigurationList;
			buildConfigurations = (
				236D940529B9186100CDEECB /* Debug */,
				236D940629B9186100CDEECB /* Release */,
			);
			defaultConfigurationIsVisible = 0;
			defaultConfigurationName = Release;
		};
		236D940729B9186100CDEECB /* Build configuration list for PBXNativeTarget "FoodLinks_DevinGTests" */ = {
			isa = XCConfigurationList;
			buildConfigurations = (
				236D940829B9186100CDEECB /* Debug */,
				236D940929B9186100CDEECB /* Release */,
			);
			defaultConfigurationIsVisible = 0;
			defaultConfigurationName = Release;
		};
		236D940A29B9186100CDEECB /* Build configuration list for PBXNativeTarget "FoodLinks_DevinGUITests" */ = {
			isa = XCConfigurationList;
			buildConfigurations = (
				236D940B29B9186100CDEECB /* Debug */,
				236D940C29B9186100CDEECB /* Release */,
			);
			defaultConfigurationIsVisible = 0;
			defaultConfigurationName = Release;
		};
/* End XCConfigurationList section */

/* Begin XCVersionGroup section */
		236D93E329B9185F00CDEECB /* FoodLinks_DevinG.xcdatamodeld */ = {
			isa = XCVersionGroup;
			children = (
				236D93E429B9185F00CDEECB /* FoodLinks_DevinG.xcdatamodel */,
			);
			currentVersion = 236D93E429B9185F00CDEECB /* FoodLinks_DevinG.xcdatamodel */;
			path = FoodLinks_DevinG.xcdatamodeld;
			sourceTree = "<group>";
			versionGroupType = wrapper.xcdatamodel;
		};
/* End XCVersionGroup section */
	};
	rootObject = 236D93CF29B9185F00CDEECB /* Project object */;
}
